{
  "version": 4,
  "terraform_version": "1.2.5",
  "serial": 17,
  "lineage": "87623683-32f8-20a5-46a5-7b5c5215cc37",
  "outputs": {},
  "resources": [
    {
      "mode": "managed",
      "type": "aws_default_security_group",
      "name": "redshift_security_group",
      "provider": "provider[\"registry.terraform.io/hashicorp/aws\"]",
      "instances": [
        {
          "schema_version": 1,
          "attributes": {
            "arn": "arn:aws:ec2:eu-west-1:288248318571:security-group/sg-0ea7314ffcc938351",
            "description": "default VPC security group",
            "egress": [],
            "id": "sg-0ea7314ffcc938351",
            "ingress": [
              {
                "cidr_blocks": [
                  "0.0.0.0/0"
                ],
                "description": "",
                "from_port": 5439,
                "ipv6_cidr_blocks": [],
                "prefix_list_ids": [],
                "protocol": "tcp",
                "security_groups": [],
                "self": false,
                "to_port": 5439
              }
            ],
            "name": "default",
            "owner_id": "288248318571",
            "revoke_rules_on_delete": false,
            "tags": {
              "Name": "redshift-sg"
            },
            "tags_all": {
              "Name": "redshift-sg"
            },
            "vpc_id": "vpc-019a8fb9170e70190"
          },
          "sensitive_attributes": [],
          "private": "eyJzY2hlbWFfdmVyc2lvbiI6IjEifQ==",
          "dependencies": [
            "aws_vpc.redshift_vpc"
          ]
        }
      ]
    },
    {
      "mode": "managed",
      "type": "aws_iam_role",
      "name": "redshift_role",
      "provider": "provider[\"registry.terraform.io/hashicorp/aws\"]",
      "instances": [
        {
          "schema_version": 0,
          "attributes": {
            "arn": "arn:aws:iam::288248318571:role/redshift_role",
            "assume_role_policy": "{\"Version\":\"2012-10-17\",\"Statement\":[{\"Sid\":\"\",\"Effect\":\"Allow\",\"Principal\":{\"Service\":\"redshift.amazonaws.com\"},\"Action\":\"sts:AssumeRole\"}]}",
            "create_date": "2022-09-04T16:16:35Z",
            "description": "",
            "force_detach_policies": false,
            "id": "redshift_role",
            "inline_policy": [
              {
                "name": "redshift_s3_policy",
                "policy": "{\n   \"Version\": \"2012-10-17\",\n   \"Statement\": [\n       {\n           \"Effect\": \"Allow\",\n           \"Action\": \"s3:*\",\n           \"Resource\": \"*\"\n       }\n   ]\n}\n"
              }
            ],
            "managed_policy_arns": [],
            "max_session_duration": 3600,
            "name": "redshift_role",
            "name_prefix": "",
            "path": "/",
            "permissions_boundary": null,
            "tags": {
              "tag-key": "redshift-role"
            },
            "tags_all": {
              "tag-key": "redshift-role"
            },
            "unique_id": "AROAUGHHQJJV6JUPQLTXN"
          },
          "sensitive_attributes": [],
          "private": "bnVsbA=="
        }
      ]
    },
    {
      "mode": "managed",
      "type": "aws_iam_role_policy",
      "name": "s3_full_access_policy",
      "provider": "provider[\"registry.terraform.io/hashicorp/aws\"]",
      "instances": [
        {
          "schema_version": 0,
          "attributes": {
            "id": "redshift_role:redshift_s3_policy",
            "name": "redshift_s3_policy",
            "name_prefix": null,
            "policy": "{\n   \"Version\": \"2012-10-17\",\n   \"Statement\": [\n       {\n           \"Effect\": \"Allow\",\n           \"Action\": \"s3:*\",\n           \"Resource\": \"*\"\n       }\n   ]\n}\n",
            "role": "redshift_role"
          },
          "sensitive_attributes": [],
          "private": "bnVsbA==",
          "dependencies": [
            "aws_iam_role.redshift_role"
          ]
        }
      ]
    },
    {
      "mode": "managed",
      "type": "aws_internet_gateway",
      "name": "redshift_vpc_gw",
      "provider": "provider[\"registry.terraform.io/hashicorp/aws\"]",
      "instances": [
        {
          "schema_version": 0,
          "attributes": {
            "arn": "arn:aws:ec2:eu-west-1:288248318571:internet-gateway/igw-00e7c2530f41fe23c",
            "id": "igw-00e7c2530f41fe23c",
            "owner_id": "288248318571",
            "tags": {},
            "tags_all": {},
            "vpc_id": "vpc-019a8fb9170e70190"
          },
          "sensitive_attributes": [],
          "private": "bnVsbA==",
          "dependencies": [
            "aws_vpc.redshift_vpc"
          ]
        }
      ]
    },
    {
      "mode": "managed",
      "type": "aws_redshift_cluster",
      "name": "default",
      "provider": "provider[\"registry.terraform.io/hashicorp/aws\"]",
      "instances": []
    },
    {
      "mode": "managed",
      "type": "aws_redshift_subnet_group",
      "name": "redshift_subnet_group",
      "provider": "provider[\"registry.terraform.io/hashicorp/aws\"]",
      "instances": []
    },
    {
      "mode": "managed",
      "type": "aws_s3_bucket",
      "name": "this",
      "provider": "provider[\"registry.terraform.io/hashicorp/aws\"]",
      "instances": [
        {
          "schema_version": 0,
          "attributes": {
            "acceleration_status": "",
            "acl": "private",
            "arn": "arn:aws:s3:::rideshare-bucket-pipeline",
            "bucket": "rideshare-bucket-pipeline",
            "bucket_domain_name": "rideshare-bucket-pipeline.s3.amazonaws.com",
            "bucket_prefix": null,
            "bucket_regional_domain_name": "rideshare-bucket-pipeline.s3.eu-west-1.amazonaws.com",
            "cors_rule": [],
            "force_destroy": false,
            "grant": [],
            "hosted_zone_id": "Z1BKCTXD74EZPE",
            "id": "rideshare-bucket-pipeline",
            "lifecycle_rule": [],
            "logging": [],
            "object_lock_configuration": [],
            "policy": "",
            "region": "eu-west-1",
            "replication_configuration": [],
            "request_payer": "BucketOwner",
            "server_side_encryption_configuration": [],
            "tags": {
              "env": "ride"
            },
            "tags_all": {
              "env": "ride"
            },
            "versioning": [
              {
                "enabled": false,
                "mfa_delete": false
              }
            ],
            "website": [],
            "website_domain": null,
            "website_endpoint": null
          },
          "sensitive_attributes": [],
          "private": "bnVsbA=="
        }
      ]
    },
    {
      "mode": "managed",
      "type": "aws_subnet",
      "name": "redshift_subnet_2",
      "provider": "provider[\"registry.terraform.io/hashicorp/aws\"]",
      "instances": [
        {
          "schema_version": 1,
          "attributes": {
            "arn": "arn:aws:ec2:eu-west-1:288248318571:subnet/subnet-0ee46dc1a920e483d",
            "assign_ipv6_address_on_creation": false,
            "availability_zone": "eu-west-1a",
            "availability_zone_id": "euw1-az2",
            "cidr_block": "10.0.2.0/24",
            "customer_owned_ipv4_pool": "",
            "enable_dns64": false,
            "enable_resource_name_dns_a_record_on_launch": false,
            "enable_resource_name_dns_aaaa_record_on_launch": false,
            "id": "subnet-0ee46dc1a920e483d",
            "ipv6_cidr_block": "",
            "ipv6_cidr_block_association_id": "",
            "ipv6_native": false,
            "map_customer_owned_ip_on_launch": false,
            "map_public_ip_on_launch": true,
            "outpost_arn": "",
            "owner_id": "288248318571",
            "private_dns_hostname_type_on_launch": "ip-name",
            "tags": {
              "Name": "redshift-subnet-2"
            },
            "tags_all": {
              "Name": "redshift-subnet-2"
            },
            "timeouts": null,
            "vpc_id": "vpc-019a8fb9170e70190"
          },
          "sensitive_attributes": [],
          "private": "eyJlMmJmYjczMC1lY2FhLTExZTYtOGY4OC0zNDM2M2JjN2M0YzAiOnsiY3JlYXRlIjo2MDAwMDAwMDAwMDAsImRlbGV0ZSI6MTIwMDAwMDAwMDAwMH0sInNjaGVtYV92ZXJzaW9uIjoiMSJ9",
          "dependencies": [
            "aws_vpc.redshift_vpc"
          ]
        }
      ]
    },
    {
      "mode": "managed",
      "type": "aws_vpc",
      "name": "redshift_vpc",
      "provider": "provider[\"registry.terraform.io/hashicorp/aws\"]",
      "instances": [
        {
          "schema_version": 1,
          "attributes": {
            "arn": "arn:aws:ec2:eu-west-1:288248318571:vpc/vpc-019a8fb9170e70190",
            "assign_generated_ipv6_cidr_block": false,
            "cidr_block": "10.0.0.0/16",
            "default_network_acl_id": "acl-00cb0128be590640c",
            "default_route_table_id": "rtb-0030c3bc4bb05fdce",
            "default_security_group_id": "sg-0ea7314ffcc938351",
            "dhcp_options_id": "dopt-052b1eb07b695bc1b",
            "enable_classiclink": false,
            "enable_classiclink_dns_support": false,
            "enable_dns_hostnames": false,
            "enable_dns_support": true,
            "id": "vpc-019a8fb9170e70190",
            "instance_tenancy": "default",
            "ipv4_ipam_pool_id": null,
            "ipv4_netmask_length": null,
            "ipv6_association_id": "",
            "ipv6_cidr_block": "",
            "ipv6_cidr_block_network_border_group": "",
            "ipv6_ipam_pool_id": "",
            "ipv6_netmask_length": 0,
            "main_route_table_id": "rtb-0030c3bc4bb05fdce",
            "owner_id": "288248318571",
            "tags": {
              "Name": "redshift-vpc"
            },
            "tags_all": {
              "Name": "redshift-vpc"
            }
          },
          "sensitive_attributes": [],
          "private": "eyJzY2hlbWFfdmVyc2lvbiI6IjEifQ=="
        }
      ]
    }
  ]
}
